{
    "name": "snapchat-all-memories-downloader",
    "version": "1.0.0",
    "lockfileVersion": 3,
    "requires": true,
    "packages": {
        "": {
            "name": "snapchat-all-memories-downloader",
            "version": "1.0.0",
            "dependencies": {
                "commander": "^8.0.0",
                "exiftool-vendored": "^16.0.0",
                "file-type": "^19.6.0",
                "moment": "2.29.4"
            }
        },
        "node_modules/@sec-ant/readable-stream": {
            "version": "0.4.1",
            "resolved": "https://registry.npmjs.org/@sec-ant/readable-stream/-/readable-stream-0.4.1.tgz",
            "integrity": "sha512-831qok9r2t8AlxLko40y2ebgSDhenenCatLVeW/uBtnHPyhHOvG0C7TvfgecV+wHzIm5KUICgzmVpWS+IMEAeg=="
        },
        "node_modules/@tokenizer/token": {
            "version": "0.3.0",
            "resolved": "https://registry.npmjs.org/@tokenizer/token/-/token-0.3.0.tgz",
            "integrity": "sha512-OvjF+z51L3ov0OyAU0duzsYuvO01PH7x4t6DJx+guahgTnBHkhJdG7soQeTSFLWN3efnHyibZ4Z8l2EuWwJN3A=="
        },
        "node_modules/@types/luxon": {
            "version": "2.4.0",
            "resolved": "https://registry.npmjs.org/@types/luxon/-/luxon-2.4.0.tgz",
            "integrity": "sha512-oCavjEjRXuR6URJEtQm0eBdfsBiEcGBZbq21of8iGkeKxU1+1xgKuFPClaBZl2KB8ZZBSWlgk61tH6Mf+nvZVw=="
        },
        "node_modules/batch-cluster": {
            "version": "10.4.3",
            "resolved": "https://registry.npmjs.org/batch-cluster/-/batch-cluster-10.4.3.tgz",
            "integrity": "sha512-2lEge+Ok62AEqe9JLcBHed0pW08T2B/06T/XkPVKtXBML+EkFY/kjU2iBU6a0Uw+LsbRRbfqQbx09vobnloWpw==",
            "deprecated": "only the latest version is supported",
            "engines": {
                "node": ">=10.0.0"
            }
        },
        "node_modules/commander": {
            "version": "8.3.0",
            "resolved": "https://registry.npmjs.org/commander/-/commander-8.3.0.tgz",
            "integrity": "sha512-OkTL9umf+He2DZkUq8f8J9of7yL6RJKI24dVITBmNfZBmri9zYZQrKkuXiKhyfPSu8tUhnVBB1iKXevvnlR4Ww==",
            "engines": {
                "node": ">= 12"
            }
        },
        "node_modules/exiftool-vendored": {
            "version": "16.5.1",
            "resolved": "https://registry.npmjs.org/exiftool-vendored/-/exiftool-vendored-16.5.1.tgz",
            "integrity": "sha512-l7rnleOFptz0MiDE9yMLNmiMS68kTGCJSA5nWZvuUltM5z5CxjnEU7EroJNk6t2SRw6A1TLaYLuwCaMZ7c6eig==",
            "deprecated": "only the latest version is supported",
            "dependencies": {
                "@types/luxon": "^2.3.2",
                "batch-cluster": "^10.4.2",
                "he": "^1.2.0",
                "luxon": "^2.4.0",
                "tz-lookup": "^6.1.25"
            },
            "optionalDependencies": {
                "exiftool-vendored.exe": "12.42.0",
                "exiftool-vendored.pl": "12.42.0"
            }
        },
        "node_modules/exiftool-vendored.exe": {
            "version": "12.42.0",
            "resolved": "https://registry.npmjs.org/exiftool-vendored.exe/-/exiftool-vendored.exe-12.42.0.tgz",
            "integrity": "sha512-2TG9oovVsXbgIzoNlu/oTUmOg8smSvIUU2Gqlu390U/gT5vXG+lBvQBxMSqCzCO+3vM7e/xDKCd+gop1lMN6Xg==",
            "optional": true,
            "os": [
                "win32"
            ]
        },
        "node_modules/exiftool-vendored.pl": {
            "version": "12.42.0",
            "resolved": "https://registry.npmjs.org/exiftool-vendored.pl/-/exiftool-vendored.pl-12.42.0.tgz",
            "integrity": "sha512-kcvxsyjCd8IS4v0pcisANw9YT4V1IDMokTDSiNEzkinW5csWRTXZNqlgR+ug4iVdJHnd/bbOqrfpDxUgxKde7A==",
            "optional": true,
            "os": [
                "!win32"
            ]
        },
        "node_modules/file-type": {
            "version": "19.6.0",
            "resolved": "https://registry.npmjs.org/file-type/-/file-type-19.6.0.tgz",
            "integrity": "sha512-VZR5I7k5wkD0HgFnMsq5hOsSc710MJMu5Nc5QYsbe38NN5iPV/XTObYLc/cpttRTf6lX538+5uO1ZQRhYibiZQ==",
            "dependencies": {
                "get-stream": "^9.0.1",
                "strtok3": "^9.0.1",
                "token-types": "^6.0.0",
                "uint8array-extras": "^1.3.0"
            },
            "engines": {
                "node": ">=18"
            },
            "funding": {
                "url": "https://github.com/sindresorhus/file-type?sponsor=1"
            }
        },
        "node_modules/get-stream": {
            "version": "9.0.1",
            "resolved": "https://registry.npmjs.org/get-stream/-/get-stream-9.0.1.tgz",
            "integrity": "sha512-kVCxPF3vQM/N0B1PmoqVUqgHP+EeVjmZSQn+1oCRPxd2P21P2F19lIgbR3HBosbB1PUhOAoctJnfEn2GbN2eZA==",
            "dependencies": {
                "@sec-ant/readable-stream": "^0.4.1",
                "is-stream": "^4.0.1"
            },
            "engines": {
                "node": ">=18"
            },
            "funding": {
                "url": "https://github.com/sponsors/sindresorhus"
            }
        },
        "node_modules/he": {
            "version": "1.2.0",
            "resolved": "https://registry.npmjs.org/he/-/he-1.2.0.tgz",
            "integrity": "sha512-F/1DnUGPopORZi0ni+CvrCgHQ5FyEAHRLSApuYWMmrbSwoN2Mn/7k+Gl38gJnR7yyDZk6WLXwiGod1JOWNDKGw==",
            "bin": {
                "he": "bin/he"
            }
        },
        "node_modules/ieee754": {
            "version": "1.2.1",
            "resolved": "https://registry.npmjs.org/ieee754/-/ieee754-1.2.1.tgz",
            "integrity": "sha512-dcyqhDvX1C46lXZcVqCpK+FtMRQVdIMN6/Df5js2zouUsqG7I6sFxitIC+7KYK29KdXOLHdu9zL4sFnoVQnqaA==",
            "funding": [
                {
                    "type": "github",
                    "url": "https://github.com/sponsors/feross"
                },
                {
                    "type": "patreon",
                    "url": "https://www.patreon.com/feross"
                },
                {
                    "type": "consulting",
                    "url": "https://feross.org/support"
                }
            ]
        },
        "node_modules/is-stream": {
            "version": "4.0.1",
            "resolved": "https://registry.npmjs.org/is-stream/-/is-stream-4.0.1.tgz",
            "integrity": "sha512-Dnz92NInDqYckGEUJv689RbRiTSEHCQ7wOVeALbkOz999YpqT46yMRIGtSNl2iCL1waAZSx40+h59NV/EwzV/A==",
            "engines": {
                "node": ">=18"
            },
            "funding": {
                "url": "https://github.com/sponsors/sindresorhus"
            }
        },
        "node_modules/luxon": {
            "version": "2.5.2",
            "resolved": "https://registry.npmjs.org/luxon/-/luxon-2.5.2.tgz",
            "integrity": "sha512-Yg7/RDp4nedqmLgyH0LwgGRvMEKVzKbUdkBYyCosbHgJ+kaOUx0qzSiSatVc3DFygnirTPYnMM2P5dg2uH1WvA==",
            "engines": {
                "node": ">=12"
            }
        },
        "node_modules/moment": {
            "version": "2.29.4",
            "resolved": "https://registry.npmjs.org/moment/-/moment-2.29.4.tgz",
            "integrity": "sha512-5LC9SOxjSc2HF6vO2CyuTDNivEdoz2IvyJJGj6X8DJ0eFyfszE0QiEd+iXmBvUP3WHxSjFH/vIsA0EN00cgr8w==",
            "engines": {
                "node": "*"
            }
        },
        "node_modules/peek-readable": {
            "version": "5.3.1",
            "resolved": "https://registry.npmjs.org/peek-readable/-/peek-readable-5.3.1.tgz",
            "integrity": "sha512-GVlENSDW6KHaXcd9zkZltB7tCLosKB/4Hg0fqBJkAoBgYG2Tn1xtMgXtSUuMU9AK/gCm/tTdT8mgAeF4YNeeqw==",
            "engines": {
                "node": ">=14.16"
            },
            "funding": {
                "type": "github",
                "url": "https://github.com/sponsors/Borewit"
            }
        },
        "node_modules/strtok3": {
            "version": "9.1.1",
            "resolved": "https://registry.npmjs.org/strtok3/-/strtok3-9.1.1.tgz",
            "integrity": "sha512-FhwotcEqjr241ZbjFzjlIYg6c5/L/s4yBGWSMvJ9UoExiSqL+FnFA/CaeZx17WGaZMS/4SOZp8wH18jSS4R4lw==",
            "dependencies": {
                "@tokenizer/token": "^0.3.0",
                "peek-readable": "^5.3.1"
            },
            "engines": {
                "node": ">=16"
            },
            "funding": {
                "type": "github",
                "url": "https://github.com/sponsors/Borewit"
            }
        },
        "node_modules/token-types": {
            "version": "6.0.0",
            "resolved": "https://registry.npmjs.org/token-types/-/token-types-6.0.0.tgz",
            "integrity": "sha512-lbDrTLVsHhOMljPscd0yitpozq7Ga2M5Cvez5AjGg8GASBjtt6iERCAJ93yommPmz62fb45oFIXHEZ3u9bfJEA==",
            "dependencies": {
                "@tokenizer/token": "^0.3.0",
                "ieee754": "^1.2.1"
            },
            "engines": {
                "node": ">=14.16"
            },
            "funding": {
                "type": "github",
                "url": "https://github.com/sponsors/Borewit"
            }
        },
        "node_modules/tz-lookup": {
            "version": "6.1.25",
            "resolved": "https://registry.npmjs.org/tz-lookup/-/tz-lookup-6.1.25.tgz",
            "integrity": "sha512-fFewT9o1uDzsW1QnUU1ValqaihFnwiUiiHr1S79/fxOzKXYYvX+EHeRnpvQJ9B3Qg67wPXT6QF2Esc4pFOrvLg=="
        },
        "node_modules/uint8array-extras": {
            "version": "1.4.0",
            "resolved": "https://registry.npmjs.org/uint8array-extras/-/uint8array-extras-1.4.0.tgz",
            "integrity": "sha512-ZPtzy0hu4cZjv3z5NW9gfKnNLjoz4y6uv4HlelAjDK7sY/xOkKZv9xK/WQpcsBB3jEybChz9DPC2U/+cusjJVQ==",
            "engines": {
                "node": ">=18"
            },
            "funding": {
                "url": "https://github.com/sponsors/sindresorhus"
            }
        }
    }
}
