{
    "name": "snapchat-all-memories-downloader",
    "version": "1.0.0",
    "lockfileVersion": 3,
    "requires": true,
    "packages": {
        "": {
            "name": "snapchat-all-memories-downloader",
            "version": "1.0.0",
            "dependencies": {
                "commander": "^8.0.0",
                "exiftool-vendored": "^16.0.0",
                "moment": "2.29.4",
                "utimes": "4.0.2"
            }
        },
        "node_modules/@types/luxon": {
            "version": "2.4.0",
            "resolved": "https://registry.npmjs.org/@types/luxon/-/luxon-2.4.0.tgz",
            "integrity": "sha512-oCavjEjRXuR6URJEtQm0eBdfsBiEcGBZbq21of8iGkeKxU1+1xgKuFPClaBZl2KB8ZZBSWlgk61tH6Mf+nvZVw=="
        },
        "node_modules/batch-cluster": {
            "version": "10.4.3",
            "resolved": "https://registry.npmjs.org/batch-cluster/-/batch-cluster-10.4.3.tgz",
            "integrity": "sha512-2lEge+Ok62AEqe9JLcBHed0pW08T2B/06T/XkPVKtXBML+EkFY/kjU2iBU6a0Uw+LsbRRbfqQbx09vobnloWpw==",
            "deprecated": "only the latest version is supported",
            "engines": {
                "node": ">=10.0.0"
            }
        },
        "node_modules/commander": {
            "version": "8.3.0",
            "resolved": "https://registry.npmjs.org/commander/-/commander-8.3.0.tgz",
            "integrity": "sha512-OkTL9umf+He2DZkUq8f8J9of7yL6RJKI24dVITBmNfZBmri9zYZQrKkuXiKhyfPSu8tUhnVBB1iKXevvnlR4Ww==",
            "engines": {
                "node": ">= 12"
            }
        },
        "node_modules/exiftool-vendored": {
            "version": "16.5.1",
            "resolved": "https://registry.npmjs.org/exiftool-vendored/-/exiftool-vendored-16.5.1.tgz",
            "integrity": "sha512-l7rnleOFptz0MiDE9yMLNmiMS68kTGCJSA5nWZvuUltM5z5CxjnEU7EroJNk6t2SRw6A1TLaYLuwCaMZ7c6eig==",
            "deprecated": "only the latest version is supported",
            "dependencies": {
                "@types/luxon": "^2.3.2",
                "batch-cluster": "^10.4.2",
                "he": "^1.2.0",
                "luxon": "^2.4.0",
                "tz-lookup": "^6.1.25"
            },
            "optionalDependencies": {
                "exiftool-vendored.exe": "12.42.0",
                "exiftool-vendored.pl": "12.42.0"
            }
        },
        "node_modules/exiftool-vendored.exe": {
            "version": "12.42.0",
            "resolved": "https://registry.npmjs.org/exiftool-vendored.exe/-/exiftool-vendored.exe-12.42.0.tgz",
            "integrity": "sha512-2TG9oovVsXbgIzoNlu/oTUmOg8smSvIUU2Gqlu390U/gT5vXG+lBvQBxMSqCzCO+3vM7e/xDKCd+gop1lMN6Xg==",
            "optional": true,
            "os": [
                "win32"
            ]
        },
        "node_modules/exiftool-vendored.pl": {
            "version": "12.42.0",
            "resolved": "https://registry.npmjs.org/exiftool-vendored.pl/-/exiftool-vendored.pl-12.42.0.tgz",
            "integrity": "sha512-kcvxsyjCd8IS4v0pcisANw9YT4V1IDMokTDSiNEzkinW5csWRTXZNqlgR+ug4iVdJHnd/bbOqrfpDxUgxKde7A==",
            "optional": true,
            "os": [
                "!win32"
            ]
        },
        "node_modules/he": {
            "version": "1.2.0",
            "resolved": "https://registry.npmjs.org/he/-/he-1.2.0.tgz",
            "integrity": "sha512-F/1DnUGPopORZi0ni+CvrCgHQ5FyEAHRLSApuYWMmrbSwoN2Mn/7k+Gl38gJnR7yyDZk6WLXwiGod1JOWNDKGw==",
            "bin": {
                "he": "bin/he"
            }
        },
        "node_modules/luxon": {
            "version": "2.5.2",
            "resolved": "https://registry.npmjs.org/luxon/-/luxon-2.5.2.tgz",
            "integrity": "sha512-Yg7/RDp4nedqmLgyH0LwgGRvMEKVzKbUdkBYyCosbHgJ+kaOUx0qzSiSatVc3DFygnirTPYnMM2P5dg2uH1WvA==",
            "engines": {
                "node": ">=12"
            }
        },
        "node_modules/moment": {
            "version": "2.29.4",
            "resolved": "https://registry.npmjs.org/moment/-/moment-2.29.4.tgz",
            "integrity": "sha512-5LC9SOxjSc2HF6vO2CyuTDNivEdoz2IvyJJGj6X8DJ0eFyfszE0QiEd+iXmBvUP3WHxSjFH/vIsA0EN00cgr8w==",
            "engines": {
                "node": "*"
            }
        },
        "node_modules/node-addon-api": {
            "version": "3.2.1",
            "resolved": "https://registry.npmjs.org/node-addon-api/-/node-addon-api-3.2.1.tgz",
            "integrity": "sha512-mmcei9JghVNDYydghQmeDX8KoAm0FAiYyIcUt/N4nhyAipB17pllZQDOJD2fotxABnt4Mdz+dKTO7eftLg4d0A=="
        },
        "node_modules/tz-lookup": {
            "version": "6.1.25",
            "resolved": "https://registry.npmjs.org/tz-lookup/-/tz-lookup-6.1.25.tgz",
            "integrity": "sha512-fFewT9o1uDzsW1QnUU1ValqaihFnwiUiiHr1S79/fxOzKXYYvX+EHeRnpvQJ9B3Qg67wPXT6QF2Esc4pFOrvLg=="
        },
        "node_modules/utimes": {
            "version": "4.0.2",
            "resolved": "https://registry.npmjs.org/utimes/-/utimes-4.0.2.tgz",
            "integrity": "sha512-mE/6X4v+EFbFr+n3jvAH92qc1FKe1t0WIHdUU+pZ8IjkZdJQU1qFS76KmxlfUTZXLyrwvHHmedtLbWXIxE32fw==",
            "hasInstallScript": true,
            "dependencies": {
                "node-addon-api": "^3.0.2"
            }
        }
    }
}
